<?xml version="1.0" encoding="UTF-8"?>
<Scheme
   LastUpgradeVersion = "0720"
   version = "2.0">
   <BuildAction
      parallelizeBuildables = "YES"
      buildImplicitDependencies = "YES">
      <BuildActionEntries>
         <BuildActionEntry
            buildForTesting = "YES"
            buildForRunning = "YES"
            buildForProfiling = "YES"
            buildForArchiving = "YES"
            buildForAnalyzing = "YES">
            <BuildableReference
               BuildableIdentifier = "primary"
               BlueprintIdentifier = "6C32D9CE1C69B02700080BA7"
               BuildableName = "BB8chrono.app"
               BlueprintName = "BB8chrono"
               ReferencedContainer = "container:BB8&apos;s Data Bank.xcodeproj">
            </BuildableReference>
         </BuildActionEntry>
         <BuildActionEntry
            buildForTesting = "YES"
            buildForRunning = "YES"
            buildForProfiling = "YES"
            buildForArchiving = "YES"
            buildForAnalyzing = "YES">
            <BuildableReference
               BuildableIdentifier = "primary"
               BlueprintIdentifier = "6C707F9C1C497FED00FE387A"
               BuildableName = "BB8&apos;s Data Bank.app"
               BlueprintName = "BB8&apos;s Data Bank"
               ReferencedContainer = "container:BB8&apos;s Data Bank.xcodeproj">
            </BuildableReference>
         </BuildActionEntry>
         <BuildActionEntry
            buildForTesting = "YES"
            buildForRunning = "YES"
            buildForProfiling = "YES"
            buildForArchiving = "YES"
            buildForAnalyzing = "YES">
            <BuildableReference
               BuildableIdentifier = "primary"
               BlueprintIdentifier = "6C32D9DA1C69B02700080BA7"
               BuildableName = "BB8chrono Extension.appex"
               BlueprintName = "BB8chrono Extension"
               ReferencedContainer = "container:BB8&apos;s Data Bank.xcodeproj">
            </BuildableReference>
         </BuildActionEntry>
      </BuildActionEntries>
   </BuildAction>
   <TestAction
      buildConfiguration = "Debug"
      selectedDebuggerIdentifier = "Xcode.DebuggerFoundation.Debugger.LLDB"
      selectedLauncherIdentifier = "Xcode.DebuggerFoundation.Launcher.LLDB"
      shouldUseLaunchSchemeArgsEnv = "YES">
      <Testables>
      </Testables>
      <MacroExpansion>
         <BuildableReference
            BuildableIdentifier = "primary"
            BlueprintIdentifier = "6C32D9CE1C69B02700080BA7"
            BuildableName = "BB8chrono.app"
            BlueprintName = "BB8chrono"
            ReferencedContainer = "container:BB8&apos;s Data Bank.xcodeproj">
         </BuildableReference>
      </MacroExpansion>
      <AdditionalOptions>
      </AdditionalOptions>
   </TestAction>
   <LaunchAction
      buildConfiguration = "Debug"
      selectedDebuggerIdentifier = "Xcode.DebuggerFoundation.Debugger.LLDB"
      selectedLauncherIdentifier = "Xcode.DebuggerFoundation.Launcher.LLDB"
      launchStyle = "0"
      useCustomWorkingDirectory = "NO"
      ignoresPersistentStateOnLaunch = "NO"
      debugDocumentVersioning = "YES"
      debugServiceExtension = "internal"
      allowLocationSimulation = "YES"
      launchAutomaticallySubstyle = "8"
      notificationPayloadFile = "BB8chrono Extension/PushNotificationPayload.apns">
      <RemoteRunnable
         runnableDebuggingMode = "2"
         BundleIdentifier = "com.apple.carousel"
         RemotePath = "/BB8&apos;s Data Bank">
         <BuildableReference
            BuildableIdentifier = "primary"
            BlueprintIdentifier = "6C32D9CE1C69B02700080BA7"
            BuildableName = "BB8chrono.app"
            BlueprintName = "BB8chrono"
            ReferencedContainer = "container:BB8&apos;s Data Bank.xcodeproj">
         </BuildableReference>
      </RemoteRunnable>
      <MacroExpansion>
         <BuildableReference
            BuildableIdentifier = "primary"
            BlueprintIdentifier = "6C32D9CE1C69B02700080BA7"
            BuildableName = "BB8chrono.app"
            BlueprintName = "BB8chrono"
            ReferencedContainer = "container:BB8&apos;s Data Bank.xcodeproj">
         </BuildableReference>
      </MacroExpansion>
      <AdditionalOptions>
      </AdditionalOptions>
   </LaunchAction>
   <ProfileAction
      buildConfiguration = "Release"
      shouldUseLaunchSchemeArgsEnv = "YES"
      savedToolIdentifier = ""
      useCustomWorkingDirectory = "NO"
      debugDocumentVersioning = "YES"
      launchAutomaticallySubstyle = "8"
      notificationPayloadFile = "BB8chrono Extension/PushNotificationPayload.apns">
      <RemoteRunnable
         runnableDebuggingMode = "2"
         BundleIdentifier = "com.apple.carousel"
         RemotePath = "/BB8&apos;s Data Bank">
         <BuildableReference
            BuildableIdentifier = "primary"
            BlueprintIdentifier = "6C32D9CE1C69B02700080BA7"
            BuildableName = "BB8chrono.app"
            BlueprintName = "BB8chrono"
            ReferencedContainer = "container:BB8&apos;s Data Bank.xcodeproj">
         </BuildableReference>
      </RemoteRunnable>
      <MacroExpansion>
         <BuildableReference
            BuildableIdentifier = "primary"
            BlueprintIdentifier = "6C32D9CE1C69B02700080BA7"
            BuildableName = "BB8chrono.app"
            BlueprintName = "BB8chrono"
            ReferencedContainer = "container:BB8&apos;s Data Bank.xcodeproj">
         </BuildableReference>
      </MacroExpansion>
   </ProfileAction>
   <AnalyzeAction
      buildConfiguration = "Debug">
   </AnalyzeAction>
   <ArchiveAction
      buildConfiguration = "Release"
      revealArchiveInOrganizer = "YES">
   </ArchiveAction>
</Scheme>
